
Microsoft Visual Studio Solution File, Format Version 12.00
# Visual Studio 15
VisualStudioVersion = 15.0.27130.2024
MinimumVisualStudioVersion = 10.0.40219.1
Project("{FAE04EC0-301F-11D3-BF4B-00C04F79EFBC}") = "WCPCourses", "WCPCourses\WCPCourses.csproj", "{CFBEDADA-EF71-48EA-BB0A-6507BE4A4077}"
EndProject
Global
	GlobalSection(SolutionConfigurationPlatforms) = preSolution
		Debug|Any CPU = Debug|Any CPU
		Release|Any CPU = Release|Any CPU
	EndGlobalSection
	GlobalSection(ProjectConfigurationPlatforms) = postSolution
		{CFBEDADA-EF71-48EA-BB0A-6507BE4A4077}.Debug|Any CPU.ActiveCfg = Debug|Any CPU
		{CFBEDADA-EF71-48EA-BB0A-6507BE4A4077}.Debug|Any CPU.Build.0 = Debug|Any CPU
		{CFBEDADA-EF71-48EA-BB0A-6507BE4A4077}.Release|Any CPU.ActiveCfg = Release|Any CPU
		{CFBEDADA-EF71-48EA-BB0A-6507BE4A4077}.Release|Any CPU.Build.0 = Release|Any CPU
	EndGlobalSection
	GlobalSection(SolutionProperties) = preSolution
		HideSolutionNode = FALSE
	EndGlobalSection
	GlobalSection(ExtensibilityGlobals) = postSolution
		SolutionGuid = {18D2E315-B25E-4C30-9E8B-DB27B22952D5}
	EndGlobalSection
EndGlobal
